<?xml version="1.0" encoding="UTF-8"?>
<Scheme
   version = "1.3">
   <BuildAction>
      <BuildActionEntries>
         <BuildActionEntry
            buildForRunning = "YES"
            buildForTesting = "YES">
            <BuildableReference
               BuildableIdentifier = "primary"
               BuildableName = "Acceptance Tests.xctest"
               BlueprintName = "Acceptance Tests"
               ReferencedContainer = "container:YetAnotherApp.xcodeproj"
               BlueprintIdentifier = "9E8C695F1AE6169400D91323">
            </BuildableReference>
         </BuildActionEntry>
      </BuildActionEntries>
   </BuildAction>
   <LaunchAction
      useCustomWorkingDirectory = "NO"
      buildConfiguration = "Debug">
      <BuildableProductRunnable>
         <BuildableReference
            BuildableIdentifier = "primary"
            BlueprintIdentifier = "914CB8955FB930ACF769F76A"
            BuildableName = "YetAnotherApp.app"
            BlueprintName = "YetAnotherApp"
            ReferencedContainer = "container:YetAnotherApp.xcodeproj">
         </BuildableReference>
      </BuildableProductRunnable>
   </LaunchAction>
   <TestAction>
      <Testables>
         <TestableReference>
            <BuildableReference
               BuildableIdentifier = "primary"
               BlueprintIdentifier = "9E8C695F1AE6169400D91323"
               BuildableName = "Acceptance Tests.xctest"
               BlueprintName = "Acceptance Tests"
               ReferencedContainer = "container:YetAnotherApp.xcodeproj">
            </BuildableReference>
         </TestableReference>
      </Testables>
   </TestAction>
</Scheme>
