<?xml version="1.0" encoding="UTF-8"?>
<Scheme
   version = "1.3">
   <BuildAction>
      <BuildActionEntries>
         <BuildActionEntry
            buildForRunning = "YES"
            buildForTesting = "YES">
            <BuildableReference
               BuildableIdentifier = "primary"
               BlueprintIdentifier = "914CB03933A9737ABF389AD7"
               BuildableName = "YetAnotherAppTests.xctest"
               BlueprintName = "YetAnotherAppTests"
               ReferencedContainer = "container:YetAnotherApp.xcodeproj">
            </BuildableReference>
         </BuildActionEntry>
      </BuildActionEntries>
   </BuildAction>
   <TestAction
      buildConfiguration = "Debug">
      <Testables>
         <TestableReference>
            <BuildableReference
               BuildableIdentifier = "primary"
               BlueprintIdentifier = "914CB03933A9737ABF389AD7"
               BuildableName = "YetAnotherAppTests.xctest"
               BlueprintName = "YetAnotherAppTests"
               ReferencedContainer = "container:YetAnotherApp.xcodeproj">
            </BuildableReference>
         </TestableReference>
      </Testables>
   </TestAction>
   <LaunchAction
      useCustomWorkingDirectory = "NO">
   </LaunchAction>
</Scheme>
