<?xml version="1.0" encoding="UTF-8"?>
<Scheme
   version = "1.3">
   <BuildAction>
      <BuildActionEntries>
         <BuildActionEntry
            buildForRunning = "YES">
            <BuildableReference
               BuildableIdentifier = "primary"
               BlueprintIdentifier = "914CB8955FB930ACF769F76A"
               BuildableName = "YetAnotherApp.app"
               BlueprintName = "YetAnotherApp"
               ReferencedContainer = "container:YetAnotherApp.xcodeproj">
            </BuildableReference>
         </BuildActionEntry>
      </BuildActionEntries>
   </BuildAction>
   <LaunchAction
      useCustomWorkingDirectory = "NO"
      buildConfiguration = "Debug">
      <BuildableProductRunnable>
         <BuildableReference
            BuildableIdentifier = "primary"
            BlueprintIdentifier = "914CB8955FB930ACF769F76A"
            BuildableName = "YetAnotherApp.app"
            BlueprintName = "YetAnotherApp"
            ReferencedContainer = "container:YetAnotherApp.xcodeproj">
         </BuildableReference>
      </BuildableProductRunnable>
   </LaunchAction>
</Scheme>
